
Microsoft Visual Studio Solution File, Format Version 12.00
# Visual Studio Version 16
VisualStudioVersion = 16.0.29613.14
MinimumVisualStudioVersion = 10.0.40219.1
Project("{FAE04EC0-301F-11D3-BF4B-00C04F79EFBC}") = "SwissTransport", "src\SwissTransport\SwissTransport.csproj", "{D0262178-A48F-4DE0-807B-E76B63E39421}"
EndProject
Project("{FAE04EC0-301F-11D3-BF4B-00C04F79EFBC}") = "SwissTransportTest", "tests\SwissTransportTest\SwissTransportTest.csproj", "{959C6E54-5B1C-40F5-938A-C57B17451421}"
EndProject
Project("{FAE04EC0-301F-11D3-BF4B-00C04F79EFBC}") = "TransportAppGUI", "TransportAppGUI\TransportAppGUI.csproj", "{CC2275CC-FB98-4346-A5C2-B27516DF77B2}"
EndProject
Project("{54435603-DBB4-11D2-8724-00A0C9A8B90C}") = "SetupSwissTransportApp", "SetupSwissTransportApp\SetupSwissTransportApp.vdproj", "{D763B9C3-EA9B-4E4D-9D34-570E080E9A15}"
EndProject
Global
	GlobalSection(SolutionConfigurationPlatforms) = preSolution
		Debug|Any CPU = Debug|Any CPU
		Release|Any CPU = Release|Any CPU
	EndGlobalSection
	GlobalSection(ProjectConfigurationPlatforms) = postSolution
		{D0262178-A48F-4DE0-807B-E76B63E39421}.Debug|Any CPU.ActiveCfg = Debug|Any CPU
		{D0262178-A48F-4DE0-807B-E76B63E39421}.Debug|Any CPU.Build.0 = Debug|Any CPU
		{D0262178-A48F-4DE0-807B-E76B63E39421}.Release|Any CPU.ActiveCfg = Release|Any CPU
		{D0262178-A48F-4DE0-807B-E76B63E39421}.Release|Any CPU.Build.0 = Release|Any CPU
		{959C6E54-5B1C-40F5-938A-C57B17451421}.Debug|Any CPU.ActiveCfg = Debug|Any CPU
		{959C6E54-5B1C-40F5-938A-C57B17451421}.Debug|Any CPU.Build.0 = Debug|Any CPU
		{959C6E54-5B1C-40F5-938A-C57B17451421}.Release|Any CPU.ActiveCfg = Release|Any CPU
		{959C6E54-5B1C-40F5-938A-C57B17451421}.Release|Any CPU.Build.0 = Release|Any CPU
		{CC2275CC-FB98-4346-A5C2-B27516DF77B2}.Debug|Any CPU.ActiveCfg = Debug|Any CPU
		{CC2275CC-FB98-4346-A5C2-B27516DF77B2}.Debug|Any CPU.Build.0 = Debug|Any CPU
		{CC2275CC-FB98-4346-A5C2-B27516DF77B2}.Release|Any CPU.ActiveCfg = Release|Any CPU
		{CC2275CC-FB98-4346-A5C2-B27516DF77B2}.Release|Any CPU.Build.0 = Release|Any CPU
		{D763B9C3-EA9B-4E4D-9D34-570E080E9A15}.Debug|Any CPU.ActiveCfg = Debug
		{D763B9C3-EA9B-4E4D-9D34-570E080E9A15}.Release|Any CPU.ActiveCfg = Release
	EndGlobalSection
	GlobalSection(SolutionProperties) = preSolution
		HideSolutionNode = FALSE
	EndGlobalSection
	GlobalSection(ExtensibilityGlobals) = postSolution
		SolutionGuid = {E0E1603D-C36E-49D3-A091-B13B0C6E6FCE}
	EndGlobalSection
EndGlobal
